
Microsoft Visual Studio Solution File, Format Version 12.00
# Visual Studio Version 16
VisualStudioVersion = 16.0.31402.337
MinimumVisualStudioVersion = 10.0.40219.1
Project("{FAE04EC0-301F-11D3-BF4B-00C04F79EFBC}") = "BooksDb", "BooksDb.csproj", "{76DCA8E2-B335-4CA7-A6BB-E139793FEAAD}"
EndProject
Project("{FAE04EC0-301F-11D3-BF4B-00C04F79EFBC}") = "BooksAndAuthorDB", "..\BooksAndAuthorDB\BooksAndAuthorDB.csproj", "{42735AF8-7AEA-45DA-BA81-8A464F4D6444}"
EndProject
Global
	GlobalSection(SolutionConfigurationPlatforms) = preSolution
		Debug|Any CPU = Debug|Any CPU
		Release|Any CPU = Release|Any CPU
	EndGlobalSection
	GlobalSection(ProjectConfigurationPlatforms) = postSolution
		{76DCA8E2-B335-4CA7-A6BB-E139793FEAAD}.Debug|Any CPU.ActiveCfg = Debug|Any CPU
		{76DCA8E2-B335-4CA7-A6BB-E139793FEAAD}.Debug|Any CPU.Build.0 = Debug|Any CPU
		{76DCA8E2-B335-4CA7-A6BB-E139793FEAAD}.Release|Any CPU.ActiveCfg = Release|Any CPU
		{76DCA8E2-B335-4CA7-A6BB-E139793FEAAD}.Release|Any CPU.Build.0 = Release|Any CPU
		{42735AF8-7AEA-45DA-BA81-8A464F4D6444}.Debug|Any CPU.ActiveCfg = Debug|Any CPU
		{42735AF8-7AEA-45DA-BA81-8A464F4D6444}.Debug|Any CPU.Build.0 = Debug|Any CPU
		{42735AF8-7AEA-45DA-BA81-8A464F4D6444}.Release|Any CPU.ActiveCfg = Release|Any CPU
		{42735AF8-7AEA-45DA-BA81-8A464F4D6444}.Release|Any CPU.Build.0 = Release|Any CPU
	EndGlobalSection
	GlobalSection(SolutionProperties) = preSolution
		HideSolutionNode = FALSE
	EndGlobalSection
	GlobalSection(ExtensibilityGlobals) = postSolution
		SolutionGuid = {D16BC5D0-0E52-4C32-9480-83B3A6EE14AF}
	EndGlobalSection
EndGlobal
