
Microsoft Visual Studio Solution File, Format Version 12.00
# Visual Studio Version 16
VisualStudioVersion = 16.0.31410.357
MinimumVisualStudioVersion = 10.0.40219.1
Project("{FAE04EC0-301F-11D3-BF4B-00C04F79EFBC}") = "MVCusingDPR", "MVCusingDPR.csproj", "{5919A7A1-E264-4DB1-B90A-8925EF7F2C6F}"
EndProject
Global
	GlobalSection(SolutionConfigurationPlatforms) = preSolution
		Debug|Any CPU = Debug|Any CPU
		Release|Any CPU = Release|Any CPU
	EndGlobalSection
	GlobalSection(ProjectConfigurationPlatforms) = postSolution
		{5919A7A1-E264-4DB1-B90A-8925EF7F2C6F}.Debug|Any CPU.ActiveCfg = Debug|Any CPU
		{5919A7A1-E264-4DB1-B90A-8925EF7F2C6F}.Debug|Any CPU.Build.0 = Debug|Any CPU
		{5919A7A1-E264-4DB1-B90A-8925EF7F2C6F}.Release|Any CPU.ActiveCfg = Release|Any CPU
		{5919A7A1-E264-4DB1-B90A-8925EF7F2C6F}.Release|Any CPU.Build.0 = Release|Any CPU
	EndGlobalSection
	GlobalSection(SolutionProperties) = preSolution
		HideSolutionNode = FALSE
	EndGlobalSection
	GlobalSection(ExtensibilityGlobals) = postSolution
		SolutionGuid = {16B88CE3-DFDA-4CCD-888E-950F0EAC6B96}
	EndGlobalSection
EndGlobal
